{
  "projects": [
    {
      "projectId": "wUqihRFDtnE273eznkLQ9",
      "version": "latest",
      "dependencies": {},
      "lang": "js",
      "fileLocks": [
        {
          "type": "globalVariant",
          "assetId": "LKmifrUMu3jg2",
          "checksum": "e7d2882c9f085d2057955a18528641aa"
        },
        {
          "assetId": "wUqihRFDtnE273eznkLQ9",
          "type": "projectCss",
          "checksum": "f063dccc726995df8d4362f1a7fbf33a"
        },
        {
          "type": "renderModule",
          "assetId": "VNFIeQ2MJLGR",
          "checksum": "377c4638f4c4f3ff9df40a6d64f3fe29"
        },
        {
          "type": "cssRules",
          "assetId": "VNFIeQ2MJLGR",
          "checksum": "377c4638f4c4f3ff9df40a6d64f3fe29"
        },
        {
          "type": "icon",
          "assetId": "TzW78w7FQ6",
          "checksum": "fe40123989c7050f7200172197fe9abe"
        },
        {
          "type": "icon",
          "assetId": "5s-2Vtdoo0",
          "checksum": "33802f4415372fdef0d9aeee734b6b33"
        },
        {
          "type": "icon",
          "assetId": "fiO75Nj_a-a",
          "checksum": "5efe9f436cdd15e96fcadfda45602879"
        },
        {
          "type": "icon",
          "assetId": "VcMCSbuR2GN",
          "checksum": "07c46135f2ce00410c10c68f6fbc6fc6"
        },
        {
          "type": "icon",
          "assetId": "srV3ALCR7P9",
          "checksum": "670259ca28b8c5e76e543e822a54dfac"
        },
        {
          "type": "icon",
          "assetId": "xyV67H-qu3y",
          "checksum": "8809ed939c7d7b20adb6ccf877538f15"
        },
        {
          "type": "icon",
          "assetId": "xt6gYgyPV7a",
          "checksum": "b45b7ebe82493141f82f09498eb22947"
        },
        {
          "type": "icon",
          "assetId": "vAjbxBRSXbO",
          "checksum": "abc27bf9e4ad2a589729d042a3486504"
        },
        {
          "type": "icon",
          "assetId": "NKuSssjj7gd",
          "checksum": "5773f4b5069636309ad97a0ae96b2ead"
        },
        {
          "type": "icon",
          "assetId": "YSD5Zg-ciQ1",
          "checksum": "6ae4b003f8f189f4fd70d8dc53514271"
        },
        {
          "type": "icon",
          "assetId": "31C5onbC20_",
          "checksum": "ee15260e271a975c2001d91d354c8218"
        },
        {
          "type": "icon",
          "assetId": "PYphj8BrZRV",
          "checksum": "d8c99850ab18a8a4bc85d063ac95c152"
        },
        {
          "type": "icon",
          "assetId": "f_mR8NGqJNG",
          "checksum": "e43e4ae633281b45048653c031e89705"
        },
        {
          "type": "icon",
          "assetId": "MTjnqs_6EvE",
          "checksum": "e193832ba95eefb9afb7ca90bb743184"
        },
        {
          "type": "icon",
          "assetId": "bJhDiAZCgOr",
          "checksum": "f25df96f2e86a136ff8797142c5d3eec"
        },
        {
          "type": "icon",
          "assetId": "9cLyO-it9rl",
          "checksum": "9960e344cdf40b816fd23c5cf04121b2"
        },
        {
          "type": "icon",
          "assetId": "L3JZLPUC4oP",
          "checksum": "9464c3f49448ef10ccd2a3e9cdc666ed"
        },
        {
          "type": "icon",
          "assetId": "UOD5TdVEVQl",
          "checksum": "c516ad3e5a11c7abb1b116ef744deda3"
        },
        {
          "type": "icon",
          "assetId": "dKe5pfvx-B6",
          "checksum": "0bb35103fed57d0afcdd93450ce8c6de"
        },
        {
          "type": "icon",
          "assetId": "8pH-4ZB3KhA",
          "checksum": "2f7512a40e5a0b08bc4e1e375d2c9fe4"
        },
        {
          "type": "icon",
          "assetId": "QqsQBQYc8Jr",
          "checksum": "11c69628933268109bd418a7f9b32388"
        },
        {
          "type": "icon",
          "assetId": "QaTYY1gLU5F",
          "checksum": "0310eae7d102954b78e02ff4e6dc7fbc"
        },
        {
          "type": "icon",
          "assetId": "3iXeUayDtLw",
          "checksum": "87c136325f5a2ae27d3f14bdad039507"
        },
        {
          "type": "icon",
          "assetId": "R3uBsQcbrrk",
          "checksum": "55f9cdbf12e7c2598189eac3b99eaad8"
        },
        {
          "type": "icon",
          "assetId": "ZTxZ7_1eV",
          "checksum": "2e9f5b7dccd4ebb79c1798598c742d22"
        },
        {
          "type": "icon",
          "assetId": "UOYQUVzAK_",
          "checksum": "899e1937740145a5de0317d38f0b0d99"
        },
        {
          "type": "icon",
          "assetId": "N7obHx2Px9",
          "checksum": "39bb5ccf2f389506069d7530227b27e1"
        },
        {
          "type": "icon",
          "assetId": "0loGS1wiBZ",
          "checksum": "0902e42f0ebfd77a5d3efaccc63c707b"
        },
        {
          "type": "icon",
          "assetId": "ZN0Tr6lCYG",
          "checksum": "9813bee32943ac985db3e46d4788241e"
        },
        {
          "type": "icon",
          "assetId": "dB_M0gZqMk",
          "checksum": "305dcecffa7bf84484a3d0fa50f1d311"
        },
        {
          "type": "icon",
          "assetId": "4O-EJqhGP",
          "checksum": "a6304dd8c93400c6f3ebc40d451dd426"
        },
        {
          "type": "icon",
          "assetId": "RzGhj4Z5Y-",
          "checksum": "47b4b88779b7f992308e255f7a1f624a"
        },
        {
          "type": "icon",
          "assetId": "GsDOjdxktR",
          "checksum": "d54b1aa7c4442241eeb6d12cc2b4d79f"
        },
        {
          "type": "image",
          "assetId": "k9cyOyPfF",
          "checksum": "e9a77fbcd07eaa2475fc27bd1f0a28ef"
        },
        {
          "type": "image",
          "assetId": "oj6mF7qr42",
          "checksum": "21e8f54b36e8e3bb4c6b44d63b391c2a"
        },
        {
          "type": "image",
          "assetId": "Lcux7qNP7O",
          "checksum": "1d69783719db7ec3760cc30239a2711d"
        },
        {
          "type": "image",
          "assetId": "5_uWBjGcv2",
          "checksum": "91bd2089208eda99fa532ef70eb3aaed"
        },
        {
          "type": "image",
          "assetId": "b3uMSqIMBp",
          "checksum": "6a07573cfcd3a4483dceeca5fa145d0b"
        },
        {
          "type": "image",
          "assetId": "dFt44uQzts",
          "checksum": "6d6cb8a7f2bb90e257798b5d1b2312a7"
        },
        {
          "type": "image",
          "assetId": "stpF4k2pwU",
          "checksum": "83afb611d0f726fe7790a496cd404c78"
        },
        {
          "type": "image",
          "assetId": "rtLO5bhUV-",
          "checksum": "12c7e208ddee6ab5947d2b20907157ac"
        },
        {
          "type": "image",
          "assetId": "VWokxPchAd",
          "checksum": "fd0ec18e6a5ea41a85a9c233905ff665"
        },
        {
          "type": "image",
          "assetId": "tPxnhCE6rr",
          "checksum": "f25de51dbc36fbb763c4f31e64671384"
        },
        {
          "type": "image",
          "assetId": "k81NlwZFxP",
          "checksum": "eef4929813fa24b990189e4fd4f9507a"
        },
        {
          "type": "image",
          "assetId": "xqC1BQbkt2",
          "checksum": "2968b6e211f944864db5fdc5d0bf248f"
        },
        {
          "type": "image",
          "assetId": "5DwXJCqsip",
          "checksum": "026f655955728b8d69d853c39eb18025"
        },
        {
          "type": "image",
          "assetId": "TL2wLWkHwQ",
          "checksum": "25e051cb2dda3fb94979eacc42abf8bd"
        },
        {
          "type": "image",
          "assetId": "AZj7Uaspv4n",
          "checksum": "c60e922a88337974def8535ad3287db1"
        },
        {
          "type": "image",
          "assetId": "dpZaxReNaRT",
          "checksum": "e384fef41503afd87c475b1857d683e9"
        },
        {
          "type": "image",
          "assetId": "eWxHHnAo4wC",
          "checksum": "c588ddc9394f0dcf842aa03d98abe952"
        },
        {
          "type": "image",
          "assetId": "WQmsvA__c_U",
          "checksum": "43db0fd400068aabf9219b526d6e69f4"
        },
        {
          "type": "image",
          "assetId": "trg57-ZRlFs",
          "checksum": "202ff29863e7aa72061a6ea0e5cd2535"
        },
        {
          "type": "image",
          "assetId": "2C4oDU-zp90",
          "checksum": "26afeefd8c569b26974ef38c1c47b421"
        },
        {
          "type": "image",
          "assetId": "aN0Fs4pSBoh",
          "checksum": "1e3975fb328adc12874d5fe579030be5"
        },
        {
          "type": "image",
          "assetId": "YgBz0VRMcV9",
          "checksum": "938889d1e54abecb20863a1c47124e10"
        },
        {
          "type": "image",
          "assetId": "XpiQi6vmaS0",
          "checksum": "1c6d5c6bd131e12ae246815639e0dbff"
        },
        {
          "type": "image",
          "assetId": "xEczVT83b1x",
          "checksum": "715980babfe5d6dd86db349712cdcbcb"
        },
        {
          "type": "image",
          "assetId": "q0rbFVb61d5",
          "checksum": "5f806b0e123bb7114f38de402af74cf3"
        },
        {
          "type": "image",
          "assetId": "2D6byoQ7sM-",
          "checksum": "315c46fc52968d991033a43a8da332bc"
        },
        {
          "type": "image",
          "assetId": "BYi_Pf_Ujpy",
          "checksum": "1a5521bb8729918559ddedb431fba6d6"
        },
        {
          "type": "image",
          "assetId": "Bt6zfg00xd3",
          "checksum": "7b06ea72d0981019d0aef008f2501da3"
        },
        {
          "type": "image",
          "assetId": "lS3wyh9nNVK",
          "checksum": "debb53e6668be5ac8ba8848a6373f7a3"
        },
        {
          "type": "image",
          "assetId": "0lfLrO3mqOJ",
          "checksum": "9657cbdac05a4598a558ef08597b9550"
        },
        {
          "type": "image",
          "assetId": "WgTCOqzw-fX",
          "checksum": "1f764f5c0e2d4bf32ee9fa1bd6e7ccfd"
        },
        {
          "type": "image",
          "assetId": "PSpJI9tZvmr",
          "checksum": "25ddf1bfee429ce19530d7d571b3aad7"
        },
        {
          "type": "image",
          "assetId": "Q9qp73agUkU",
          "checksum": "72e63387bd29c01a80607c85ec738554"
        },
        {
          "type": "image",
          "assetId": "ZaH5HRDlc_a",
          "checksum": "d830d9edb976556324b9f0979f31d6b9"
        },
        {
          "type": "image",
          "assetId": "oJ2y51lBLFY",
          "checksum": "025c41368a3f61b1c074e50e7ae9f6dc"
        },
        {
          "type": "image",
          "assetId": "UXqD7PFXEx0",
          "checksum": "a7c12727478d89bbe3a652c2ef746b03"
        },
        {
          "type": "image",
          "assetId": "eRUQ-YcCvHC",
          "checksum": "9e72716d5c53e42f88d9be866d6687aa"
        },
        {
          "type": "image",
          "assetId": "yARtAAcUpuK",
          "checksum": "73dfacd2f07a1c97da5b8b41f24f4286"
        },
        {
          "type": "image",
          "assetId": "seM7AuZsH2u",
          "checksum": "85a2a0f5c87ca085136b338a59ac4b91"
        },
        {
          "type": "image",
          "assetId": "AKRosiIyaU4",
          "checksum": "5fbc98b1b3930ba04310a11b0e8601e0"
        },
        {
          "type": "image",
          "assetId": "IWL_4ie-D4c",
          "checksum": "2df7a74e8e3ea828e569d504c0495574"
        },
        {
          "type": "image",
          "assetId": "5XNXBH1Gltc",
          "checksum": "f167c5efe54facf3a8983c984bf312a5"
        },
        {
          "type": "image",
          "assetId": "gFT2WzXQMN4",
          "checksum": "a4cc73f43189cea10dbdac19794c5dee"
        },
        {
          "type": "image",
          "assetId": "-cFtvjjcFXq",
          "checksum": "6df65072926f951571f242954b53ff3f"
        },
        {
          "type": "image",
          "assetId": "cIfiCEA1ad0",
          "checksum": "b3d33a419f9af8d1bba83d1c586a9ed7"
        },
        {
          "type": "image",
          "assetId": "rzE3qfy6xXV",
          "checksum": "cdb629362c9e4687d3d8fa6c92460a46"
        },
        {
          "type": "image",
          "assetId": "W7Ww6_9PSWp",
          "checksum": "946a4d937f24fabcf9d48a42dfa6b73d"
        },
        {
          "type": "image",
          "assetId": "_oGrSpVBS-7",
          "checksum": "de97de64aa05a8c99f65bb251fba1957"
        },
        {
          "type": "image",
          "assetId": "mkTnDGlklU2",
          "checksum": "bd3aacb45cfb64f79ff8046b0accb7c6"
        },
        {
          "type": "image",
          "assetId": "PxMcJD4pYEI",
          "checksum": "709df076f8fabeb8dbae6ae4574ff9d9"
        },
        {
          "type": "image",
          "assetId": "sV7ro28FDpf",
          "checksum": "83beb88c30b5fe17bd1f5586cdd92c09"
        },
        {
          "type": "image",
          "assetId": "7cfNPVgCCqH",
          "checksum": "b2608c1833fd7175a4880ec5c83b3ba1"
        },
        {
          "type": "image",
          "assetId": "MGHqw0v4txl",
          "checksum": "4a42a0cc5b55085c041e2e292f2d8496"
        },
        {
          "type": "image",
          "assetId": "SDjJZ-AU_o9",
          "checksum": "013a4c187b62ea9862915e7eaeb6edc6"
        },
        {
          "type": "image",
          "assetId": "H78dSVYTMuF",
          "checksum": "452b52777c466d337c65fcc1f4beebb1"
        },
        {
          "type": "image",
          "assetId": "kAfLvwb0eQ8",
          "checksum": "cf3706ba5eec252ef8c337c60d57bebb"
        },
        {
          "type": "image",
          "assetId": "8mN4AbJP1A8",
          "checksum": "ad2051e709a3d5015567332e8e9b2c05"
        },
        {
          "type": "image",
          "assetId": "iMWwN11aIFm",
          "checksum": "8b3e6b294c08c478f87080a6e42a0bbe"
        },
        {
          "type": "image",
          "assetId": "UPRDyyz9jb8",
          "checksum": "bea999c609d1b153a7750643cde96908"
        },
        {
          "type": "image",
          "assetId": "HKdL6xVBvla",
          "checksum": "02e458b5d30338ef74032e9db23428e0"
        },
        {
          "type": "image",
          "assetId": "HgRTjDKiLtq",
          "checksum": "e3e3e7881c28154d4c6459dea1fec520"
        },
        {
          "type": "image",
          "assetId": "l29uyt1gJ-x",
          "checksum": "8763d821fa65cc1837038d5987be0fce"
        },
        {
          "type": "image",
          "assetId": "4b8rZNowzCx",
          "checksum": "8218d48815f5cc5e4ab2f308ccd222a1"
        },
        {
          "type": "image",
          "assetId": "fZRwuLDmh_d",
          "checksum": "c7219f347198233ef9dcd356a9bdeb73"
        },
        {
          "type": "image",
          "assetId": "RQaJ8fqfY7N",
          "checksum": "cbce2301432baafc015aa0a7e60198b0"
        },
        {
          "type": "image",
          "assetId": "Ht8SLJrMn5",
          "checksum": "46e0d0b2ab24c10e8c92dc46dc8e2a41"
        },
        {
          "type": "image",
          "assetId": "CG1YVnYapc",
          "checksum": "0bce5dd5de0c6b69867a5caa1baf27e5"
        },
        {
          "type": "image",
          "assetId": "kUB2G8hIpC",
          "checksum": "34aa8bc31692aed6ea6dee7fbd0e89f5"
        },
        {
          "type": "image",
          "assetId": "M0vMnu9ASH",
          "checksum": "8391602b9e9387aa5f90cb3885258c1a"
        },
        {
          "type": "image",
          "assetId": "Ox2SnjdmrA",
          "checksum": "4602c6a4fdad0fe6c977ffd9561e2b68"
        },
        {
          "type": "image",
          "assetId": "aFmjCk2XIp",
          "checksum": "396eb6a73c4b8d3f812f37b1e4334f1c"
        }
      ],
      "codegenVersion": "0.0.1"
    }
  ],
  "cliVersion": "0.1.221"
}
